// !$*UTF8*$!
{
	archiveVersion = 1;
	classes = {
	};
	objectVersion = 55;
	objects = {

/* Begin PBXBuildFile section */
		606E24B8278BB52B0025B261 /* ConversionsApp.swift in Sources */ = {isa = PBXBuildFile; fileRef = 606E24B7278BB52B0025B261 /* ConversionsApp.swift */; };
		606E24BA278BB52B0025B261 /* HomeView.swift in Sources */ = {isa = PBXBuildFile; fileRef = 606E24B9278BB52B0025B261 /* HomeView.swift */; };
		606E24BC278BB52F0025B261 /* Assets.xcassets in Resources */ = {isa = PBXBuildFile; fileRef = 606E24BB278BB52F0025B261 /* Assets.xcassets */; };
		606E24BF278BB52F0025B261 /* Preview Assets.xcassets in Resources */ = {isa = PBXBuildFile; fileRef = 606E24BE278BB52F0025B261 /* Preview Assets.xcassets */; };
		606E24C9278BB61E0025B261 /* FormulaView.swift in Sources */ = {isa = PBXBuildFile; fileRef = 606E24C8278BB61D0025B261 /* FormulaView.swift */; };
		608ABF90278DCEAD005B546B /* Favorite.swift in Sources */ = {isa = PBXBuildFile; fileRef = 608ABF8F278DCEAD005B546B /* Favorite.swift */; };
		608ABF92278DD656005B546B /* FavoritesView.swift in Sources */ = {isa = PBXBuildFile; fileRef = 608ABF91278DD656005B546B /* FavoritesView.swift */; };
		608ABF94278DF710005B546B /* LaunchTabView.swift in Sources */ = {isa = PBXBuildFile; fileRef = 608ABF93278DF710005B546B /* LaunchTabView.swift */; };
		60BA50C0278C85470068141F /* functions.json in Resources */ = {isa = PBXBuildFile; fileRef = 60BA50BF278C85470068141F /* functions.json */; };
		60BA50C2278C89680068141F /* Function.swift in Sources */ = {isa = PBXBuildFile; fileRef = 60BA50C1278C89670068141F /* Function.swift */; };
		60BA50C4278C89C40068141F /* FunctionModel.swift in Sources */ = {isa = PBXBuildFile; fileRef = 60BA50C3278C89C40068141F /* FunctionModel.swift */; };
		60BA50C7278C8B210068141F /* DataService.swift in Sources */ = {isa = PBXBuildFile; fileRef = 60BA50C6278C8B210068141F /* DataService.swift */; };
		60BA50C9278C9EB40068141F /* Expression.swift in Sources */ = {isa = PBXBuildFile; fileRef = 60BA50C8278C9EB40068141F /* Expression.swift */; };
/* End PBXBuildFile section */

/* Begin PBXFileReference section */
		606E24B4278BB52B0025B261 /* Conversions.app */ = {isa = PBXFileReference; explicitFileType = wrapper.application; includeInIndex = 0; path = Conversions.app; sourceTree = BUILT_PRODUCTS_DIR; };
		606E24B7278BB52B0025B261 /* ConversionsApp.swift */ = {isa = PBXFileReference; lastKnownFileType = sourcecode.swift; path = ConversionsApp.swift; sourceTree = "<group>"; };
		606E24B9278BB52B0025B261 /* HomeView.swift */ = {isa = PBXFileReference; lastKnownFileType = sourcecode.swift; path = HomeView.swift; sourceTree = "<group>"; };
		606E24BB278BB52F0025B261 /* Assets.xcassets */ = {isa = PBXFileReference; lastKnownFileType = folder.assetcatalog; path = Assets.xcassets; sourceTree = "<group>"; };
		606E24BE278BB52F0025B261 /* Preview Assets.xcassets */ = {isa = PBXFileReference; lastKnownFileType = folder.assetcatalog; path = "Preview Assets.xcassets"; sourceTree = "<group>"; };
		606E24C8278BB61D0025B261 /* FormulaView.swift */ = {isa = PBXFileReference; lastKnownFileType = sourcecode.swift; path = FormulaView.swift; sourceTree = "<group>"; };
		608ABF8F278DCEAD005B546B /* Favorite.swift */ = {isa = PBXFileReference; lastKnownFileType = sourcecode.swift; path = Favorite.swift; sourceTree = "<group>"; };
		608ABF91278DD656005B546B /* FavoritesView.swift */ = {isa = PBXFileReference; lastKnownFileType = sourcecode.swift; path = FavoritesView.swift; sourceTree = "<group>"; };
		608ABF93278DF710005B546B /* LaunchTabView.swift */ = {isa = PBXFileReference; lastKnownFileType = sourcecode.swift; path = LaunchTabView.swift; sourceTree = "<group>"; };
		60BA50BF278C85470068141F /* functions.json */ = {isa = PBXFileReference; lastKnownFileType = text.json; path = functions.json; sourceTree = "<group>"; };
		60BA50C1278C89670068141F /* Function.swift */ = {isa = PBXFileReference; lastKnownFileType = sourcecode.swift; path = Function.swift; sourceTree = "<group>"; };
		60BA50C3278C89C40068141F /* FunctionModel.swift */ = {isa = PBXFileReference; lastKnownFileType = sourcecode.swift; path = FunctionModel.swift; sourceTree = "<group>"; };
		60BA50C6278C8B210068141F /* DataService.swift */ = {isa = PBXFileReference; lastKnownFileType = sourcecode.swift; path = DataService.swift; sourceTree = "<group>"; };
		60BA50C8278C9EB40068141F /* Expression.swift */ = {isa = PBXFileReference; lastKnownFileType = sourcecode.swift; path = Expression.swift; sourceTree = "<group>"; };
/* End PBXFileReference section */

/* Begin PBXFrameworksBuildPhase section */
		606E24B1278BB52B0025B261 /* Frameworks */ = {
			isa = PBXFrameworksBuildPhase;
			buildActionMask = 2147483647;
			files = (
			);
			runOnlyForDeploymentPostprocessing = 0;
		};
/* End PBXFrameworksBuildPhase section */

/* Begin PBXGroup section */
		606E24AB278BB52B0025B261 = {
			isa = PBXGroup;
			children = (
				606E24B6278BB52B0025B261 /* Conversions */,
				606E24B5278BB52B0025B261 /* Products */,
			);
			sourceTree = "<group>";
		};
		606E24B5278BB52B0025B261 /* Products */ = {
			isa = PBXGroup;
			children = (
				606E24B4278BB52B0025B261 /* Conversions.app */,
			);
			name = Products;
			sourceTree = "<group>";
		};
		606E24B6278BB52B0025B261 /* Conversions */ = {
			isa = PBXGroup;
			children = (
				606E24B7278BB52B0025B261 /* ConversionsApp.swift */,
				606E24C7278BB58E0025B261 /* Views */,
				606E24C5278BB5770025B261 /* ViewModels */,
				606E24C6278BB5860025B261 /* Models */,
				60BA50BE278C85260068141F /* Resources */,
				60BA50C5278C8AF00068141F /* Services */,
				606E24BB278BB52F0025B261 /* Assets.xcassets */,
				606E24BD278BB52F0025B261 /* Preview Content */,
			);
			path = Conversions;
			sourceTree = "<group>";
		};
		606E24BD278BB52F0025B261 /* Preview Content */ = {
			isa = PBXGroup;
			children = (
				606E24BE278BB52F0025B261 /* Preview Assets.xcassets */,
			);
			path = "Preview Content";
			sourceTree = "<group>";
		};
		606E24C5278BB5770025B261 /* ViewModels */ = {
			isa = PBXGroup;
			children = (
				60BA50C3278C89C40068141F /* FunctionModel.swift */,
			);
			path = ViewModels;
			sourceTree = "<group>";
		};
		606E24C6278BB5860025B261 /* Models */ = {
			isa = PBXGroup;
			children = (
				60BA50C1278C89670068141F /* Function.swift */,
				60BA50C8278C9EB40068141F /* Expression.swift */,
				608ABF8F278DCEAD005B546B /* Favorite.swift */,
			);
			path = Models;
			sourceTree = "<group>";
		};
		606E24C7278BB58E0025B261 /* Views */ = {
			isa = PBXGroup;
			children = (
				606E24B9278BB52B0025B261 /* HomeView.swift */,
				606E24C8278BB61D0025B261 /* FormulaView.swift */,
				608ABF91278DD656005B546B /* FavoritesView.swift */,
				608ABF93278DF710005B546B /* LaunchTabView.swift */,
			);
			path = Views;
			sourceTree = "<group>";
		};
		60BA50BE278C85260068141F /* Resources */ = {
			isa = PBXGroup;
			children = (
				60BA50BF278C85470068141F /* functions.json */,
			);
			path = Resources;
			sourceTree = "<group>";
		};
		60BA50C5278C8AF00068141F /* Services */ = {
			isa = PBXGroup;
			children = (
				60BA50C6278C8B210068141F /* DataService.swift */,
			);
			path = Services;
			sourceTree = "<group>";
		};
/* End PBXGroup section */

/* Begin PBXNativeTarget section */
		606E24B3278BB52B0025B261 /* Conversions */ = {
			isa = PBXNativeTarget;
			buildConfigurationList = 606E24C2278BB52F0025B261 /* Build configuration list for PBXNativeTarget "Conversions" */;
			buildPhases = (
				606E24B0278BB52B0025B261 /* Sources */,
				606E24B1278BB52B0025B261 /* Frameworks */,
				606E24B2278BB52B0025B261 /* Resources */,
			);
			buildRules = (
			);
			dependencies = (
			);
			name = Conversions;
			productName = Conversions;
			productReference = 606E24B4278BB52B0025B261 /* Conversions.app */;
			productType = "com.apple.product-type.application";
		};
/* End PBXNativeTarget section */

/* Begin PBXProject section */
		606E24AC278BB52B0025B261 /* Project object */ = {
			isa = PBXProject;
			attributes = {
				BuildIndependentTargetsInParallel = 1;
				LastSwiftUpdateCheck = 1310;
				LastUpgradeCheck = 1310;
				TargetAttributes = {
					606E24B3278BB52B0025B261 = {
						CreatedOnToolsVersion = 13.1;
					};
				};
			};
			buildConfigurationList = 606E24AF278BB52B0025B261 /* Build configuration list for PBXProject "Conversions" */;
			compatibilityVersion = "Xcode 13.0";
			developmentRegion = en;
			hasScannedForEncodings = 0;
			knownRegions = (
				en,
				Base,
			);
			mainGroup = 606E24AB278BB52B0025B261;
			productRefGroup = 606E24B5278BB52B0025B261 /* Products */;
			projectDirPath = "";
			projectRoot = "";
			targets = (
				606E24B3278BB52B0025B261 /* Conversions */,
			);
		};
/* End PBXProject section */

/* Begin PBXResourcesBuildPhase section */
		606E24B2278BB52B0025B261 /* Resources */ = {
			isa = PBXResourcesBuildPhase;
			buildActionMask = 2147483647;
			files = (
				60BA50C0278C85470068141F /* functions.json in Resources */,
				606E24BF278BB52F0025B261 /* Preview Assets.xcassets in Resources */,
				606E24BC278BB52F0025B261 /* Assets.xcassets in Resources */,
			);
			runOnlyForDeploymentPostprocessing = 0;
		};
/* End PBXResourcesBuildPhase section */

/* Begin PBXSourcesBuildPhase section */
		606E24B0278BB52B0025B261 /* Sources */ = {
			isa = PBXSourcesBuildPhase;
			buildActionMask = 2147483647;
			files = (
				606E24BA278BB52B0025B261 /* HomeView.swift in Sources */,
				606E24C9278BB61E0025B261 /* FormulaView.swift in Sources */,
				606E24B8278BB52B0025B261 /* ConversionsApp.swift in Sources */,
				60BA50C7278C8B210068141F /* DataService.swift in Sources */,
				60BA50C2278C89680068141F /* Function.swift in Sources */,
				608ABF94278DF710005B546B /* LaunchTabView.swift in Sources */,
				608ABF90278DCEAD005B546B /* Favorite.swift in Sources */,
				60BA50C9278C9EB40068141F /* Expression.swift in Sources */,
				60BA50C4278C89C40068141F /* FunctionModel.swift in Sources */,
				608ABF92278DD656005B546B /* FavoritesView.swift in Sources */,
			);
			runOnlyForDeploymentPostprocessing = 0;
		};
/* End PBXSourcesBuildPhase section */

/* Begin XCBuildConfiguration section */
		606E24C0278BB52F0025B261 /* Debug */ = {
			isa = XCBuildConfiguration;
			buildSettings = {
				ALWAYS_SEARCH_USER_PATHS = NO;
				CLANG_ANALYZER_NONNULL = YES;
				CLANG_ANALYZER_NUMBER_OBJECT_CONVERSION = YES_AGGRESSIVE;
				CLANG_CXX_LANGUAGE_STANDARD = "gnu++17";
				CLANG_CXX_LIBRARY = "libc++";
				CLANG_ENABLE_MODULES = YES;
				CLANG_ENABLE_OBJC_ARC = YES;
				CLANG_ENABLE_OBJC_WEAK = YES;
				CLANG_WARN_BLOCK_CAPTURE_AUTORELEASING = YES;
				CLANG_WARN_BOOL_CONVERSION = YES;
				CLANG_WARN_COMMA = YES;
				CLANG_WARN_CONSTANT_CONVERSION = YES;
				CLANG_WARN_DEPRECATED_OBJC_IMPLEMENTATIONS = YES;
				CLANG_WARN_DIRECT_OBJC_ISA_USAGE = YES_ERROR;
				CLANG_WARN_DOCUMENTATION_COMMENTS = YES;
				CLANG_WARN_EMPTY_BODY = YES;
				CLANG_WARN_ENUM_CONVERSION = YES;
				CLANG_WARN_INFINITE_RECURSION = YES;
				CLANG_WARN_INT_CONVERSION = YES;
				CLANG_WARN_NON_LITERAL_NULL_CONVERSION = YES;
				CLANG_WARN_OBJC_IMPLICIT_RETAIN_SELF = YES;
				CLANG_WARN_OBJC_LITERAL_CONVERSION = YES;
				CLANG_WARN_OBJC_ROOT_CLASS = YES_ERROR;
				CLANG_WARN_QUOTED_INCLUDE_IN_FRAMEWORK_HEADER = YES;
				CLANG_WARN_RANGE_LOOP_ANALYSIS = YES;
				CLANG_WARN_STRICT_PROTOTYPES = YES;
				CLANG_WARN_SUSPICIOUS_MOVE = YES;
				CLANG_WARN_UNGUARDED_AVAILABILITY = YES_AGGRESSIVE;
				CLANG_WARN_UNREACHABLE_CODE = YES;
				CLANG_WARN__DUPLICATE_METHOD_MATCH = YES;
				COPY_PHASE_STRIP = NO;
				DEBUG_INFORMATION_FORMAT = dwarf;
				ENABLE_STRICT_OBJC_MSGSEND = YES;
				ENABLE_TESTABILITY = YES;
				GCC_C_LANGUAGE_STANDARD = gnu11;
				GCC_DYNAMIC_NO_PIC = NO;
				GCC_NO_COMMON_BLOCKS = YES;
				GCC_OPTIMIZATION_LEVEL = 0;
				GCC_PREPROCESSOR_DEFINITIONS = (
					"DEBUG=1",
					"$(inherited)",
				);
				GCC_WARN_64_TO_32_BIT_CONVERSION = YES;
				GCC_WARN_ABOUT_RETURN_TYPE = YES_ERROR;
				GCC_WARN_UNDECLARED_SELECTOR = YES;
				GCC_WARN_UNINITIALIZED_AUTOS = YES_AGGRESSIVE;
				GCC_WARN_UNUSED_FUNCTION = YES;
				GCC_WARN_UNUSED_VARIABLE = YES;
				IPHONEOS_DEPLOYMENT_TARGET = 15.0;
				MTL_ENABLE_DEBUG_INFO = INCLUDE_SOURCE;
				MTL_FAST_MATH = YES;
				ONLY_ACTIVE_ARCH = YES;
				SDKROOT = iphoneos;
				SWIFT_ACTIVE_COMPILATION_CONDITIONS = DEBUG;
				SWIFT_OPTIMIZATION_LEVEL = "-Onone";
			};
			name = Debug;
		};
		606E24C1278BB52F0025B261 /* Release */ = {
			isa = XCBuildConfiguration;
			buildSettings = {
				ALWAYS_SEARCH_USER_PATHS = NO;
				CLANG_ANALYZER_NONNULL = YES;
				CLANG_ANALYZER_NUMBER_OBJECT_CONVERSION = YES_AGGRESSIVE;
				CLANG_CXX_LANGUAGE_STANDARD = "gnu++17";
				CLANG_CXX_LIBRARY = "libc++";
				CLANG_ENABLE_MODULES = YES;
				CLANG_ENABLE_OBJC_ARC = YES;
				CLANG_ENABLE_OBJC_WEAK = YES;
				CLANG_WARN_BLOCK_CAPTURE_AUTORELEASING = YES;
				CLANG_WARN_BOOL_CONVERSION = YES;
				CLANG_WARN_COMMA = YES;
				CLANG_WARN_CONSTANT_CONVERSION = YES;
				CLANG_WARN_DEPRECATED_OBJC_IMPLEMENTATIONS = YES;
				CLANG_WARN_DIRECT_OBJC_ISA_USAGE = YES_ERROR;
				CLANG_WARN_DOCUMENTATION_COMMENTS = YES;
				CLANG_WARN_EMPTY_BODY = YES;
				CLANG_WARN_ENUM_CONVERSION = YES;
				CLANG_WARN_INFINITE_RECURSION = YES;
				CLANG_WARN_INT_CONVERSION = YES;
				CLANG_WARN_NON_LITERAL_NULL_CONVERSION = YES;
				CLANG_WARN_OBJC_IMPLICIT_RETAIN_SELF = YES;
				CLANG_WARN_OBJC_LITERAL_CONVERSION = YES;
				CLANG_WARN_OBJC_ROOT_CLASS = YES_ERROR;
				CLANG_WARN_QUOTED_INCLUDE_IN_FRAMEWORK_HEADER = YES;
				CLANG_WARN_RANGE_LOOP_ANALYSIS = YES;
				CLANG_WARN_STRICT_PROTOTYPES = YES;
				CLANG_WARN_SUSPICIOUS_MOVE = YES;
				CLANG_WARN_UNGUARDED_AVAILABILITY = YES_AGGRESSIVE;
				CLANG_WARN_UNREACHABLE_CODE = YES;
				CLANG_WARN__DUPLICATE_METHOD_MATCH = YES;
				COPY_PHASE_STRIP = NO;
				DEBUG_INFORMATION_FORMAT = "dwarf-with-dsym";
				ENABLE_NS_ASSERTIONS = NO;
				ENABLE_STRICT_OBJC_MSGSEND = YES;
				GCC_C_LANGUAGE_STANDARD = gnu11;
				GCC_NO_COMMON_BLOCKS = YES;
				GCC_WARN_64_TO_32_BIT_CONVERSION = YES;
				GCC_WARN_ABOUT_RETURN_TYPE = YES_ERROR;
				GCC_WARN_UNDECLARED_SELECTOR = YES;
				GCC_WARN_UNINITIALIZED_AUTOS = YES_AGGRESSIVE;
				GCC_WARN_UNUSED_FUNCTION = YES;
				GCC_WARN_UNUSED_VARIABLE = YES;
				IPHONEOS_DEPLOYMENT_TARGET = 15.0;
				MTL_ENABLE_DEBUG_INFO = NO;
				MTL_FAST_MATH = YES;
				SDKROOT = iphoneos;
				SWIFT_COMPILATION_MODE = wholemodule;
				SWIFT_OPTIMIZATION_LEVEL = "-O";
				VALIDATE_PRODUCT = YES;
			};
			name = Release;
		};
		606E24C3278BB52F0025B261 /* Debug */ = {
			isa = XCBuildConfiguration;
			buildSettings = {
				ASSETCATALOG_COMPILER_APPICON_NAME = AppIcon;
				ASSETCATALOG_COMPILER_GLOBAL_ACCENT_COLOR_NAME = AccentColor;
				CODE_SIGN_STYLE = Automatic;
				CURRENT_PROJECT_VERSION = 1;
				DEVELOPMENT_ASSET_PATHS = "\"Conversions/Preview Content\"";
				DEVELOPMENT_TEAM = F6LG69M27Z;
				ENABLE_PREVIEWS = YES;
				GENERATE_INFOPLIST_FILE = YES;
				INFOPLIST_KEY_UIApplicationSceneManifest_Generation = YES;
				INFOPLIST_KEY_UIApplicationSupportsIndirectInputEvents = YES;
				INFOPLIST_KEY_UILaunchScreen_Generation = YES;
				INFOPLIST_KEY_UISupportedInterfaceOrientations_iPad = "UIInterfaceOrientationPortrait UIInterfaceOrientationPortraitUpsideDown UIInterfaceOrientationLandscapeLeft UIInterfaceOrientationLandscapeRight";
				INFOPLIST_KEY_UISupportedInterfaceOrientations_iPhone = "UIInterfaceOrientationPortrait UIInterfaceOrientationLandscapeLeft UIInterfaceOrientationLandscapeRight";
				LD_RUNPATH_SEARCH_PATHS = (
					"$(inherited)",
					"@executable_path/Frameworks",
				);
				MARKETING_VERSION = 1.0;
				PRODUCT_BUNDLE_IDENTIFIER = com.miamakes.Conversions;
				PRODUCT_NAME = "$(TARGET_NAME)";
				SWIFT_EMIT_LOC_STRINGS = YES;
				SWIFT_VERSION = 5.0;
				TARGETED_DEVICE_FAMILY = "1,2";
			};
			name = Debug;
		};
		606E24C4278BB52F0025B261 /* Release */ = {
			isa = XCBuildConfiguration;
			buildSettings = {
				ASSETCATALOG_COMPILER_APPICON_NAME = AppIcon;
				ASSETCATALOG_COMPILER_GLOBAL_ACCENT_COLOR_NAME = AccentColor;
				CODE_SIGN_STYLE = Automatic;
				CURRENT_PROJECT_VERSION = 1;
				DEVELOPMENT_ASSET_PATHS = "\"Conversions/Preview Content\"";
				DEVELOPMENT_TEAM = F6LG69M27Z;
				ENABLE_PREVIEWS = YES;
				GENERATE_INFOPLIST_FILE = YES;
				INFOPLIST_KEY_UIApplicationSceneManifest_Generation = YES;
				INFOPLIST_KEY_UIApplicationSupportsIndirectInputEvents = YES;
				INFOPLIST_KEY_UILaunchScreen_Generation = YES;
				INFOPLIST_KEY_UISupportedInterfaceOrientations_iPad = "UIInterfaceOrientationPortrait UIInterfaceOrientationPortraitUpsideDown UIInterfaceOrientationLandscapeLeft UIInterfaceOrientationLandscapeRight";
				INFOPLIST_KEY_UISupportedInterfaceOrientations_iPhone = "UIInterfaceOrientationPortrait UIInterfaceOrientationLandscapeLeft UIInterfaceOrientationLandscapeRight";
				LD_RUNPATH_SEARCH_PATHS = (
					"$(inherited)",
					"@executable_path/Frameworks",
				);
				MARKETING_VERSION = 1.0;
				PRODUCT_BUNDLE_IDENTIFIER = com.miamakes.Conversions;
				PRODUCT_NAME = "$(TARGET_NAME)";
				SWIFT_EMIT_LOC_STRINGS = YES;
				SWIFT_VERSION = 5.0;
				TARGETED_DEVICE_FAMILY = "1,2";
			};
			name = Release;
		};
/* End XCBuildConfiguration section */

/* Begin XCConfigurationList section */
		606E24AF278BB52B0025B261 /* Build configuration list for PBXProject "Conversions" */ = {
			isa = XCConfigurationList;
			buildConfigurations = (
				606E24C0278BB52F0025B261 /* Debug */,
				606E24C1278BB52F0025B261 /* Release */,
			);
			defaultConfigurationIsVisible = 0;
			defaultConfigurationName = Release;
		};
		606E24C2278BB52F0025B261 /* Build configuration list for PBXNativeTarget "Conversions" */ = {
			isa = XCConfigurationList;
			buildConfigurations = (
				606E24C3278BB52F0025B261 /* Debug */,
				606E24C4278BB52F0025B261 /* Release */,
			);
			defaultConfigurationIsVisible = 0;
			defaultConfigurationName = Release;
		};
/* End XCConfigurationList section */
	};
	rootObject = 606E24AC278BB52B0025B261 /* Project object */;
}
